
Microsoft Visual Studio Solution File, Format Version 12.00
# Visual Studio Version 17
VisualStudioVersion = 17.3.32825.248
MinimumVisualStudioVersion = 10.0.40219.1
Project("{FAE04EC0-301F-11D3-BF4B-00C04F79EFBC}") = "SignalRChat", "SignalRChat\SignalRChat.csproj", "{FAA1C330-DF50-469F-BB69-23125D889093}"
EndProject
Global
	GlobalSection(SolutionConfigurationPlatforms) = preSolution
		Debug|Any CPU = Debug|Any CPU
		Release|Any CPU = Release|Any CPU
	EndGlobalSection
	GlobalSection(ProjectConfigurationPlatforms) = postSolution
		{FAA1C330-DF50-469F-BB69-23125D889093}.Debug|Any CPU.ActiveCfg = Debug|Any CPU
		{FAA1C330-DF50-469F-BB69-23125D889093}.Debug|Any CPU.Build.0 = Debug|Any CPU
		{FAA1C330-DF50-469F-BB69-23125D889093}.Release|Any CPU.ActiveCfg = Release|Any CPU
		{FAA1C330-DF50-469F-BB69-23125D889093}.Release|Any CPU.Build.0 = Release|Any CPU
	EndGlobalSection
	GlobalSection(SolutionProperties) = preSolution
		HideSolutionNode = FALSE
	EndGlobalSection
	GlobalSection(ExtensibilityGlobals) = postSolution
		SolutionGuid = {76BAD196-79DE-4989-8F14-E57339AF9A0B}
	EndGlobalSection
EndGlobal
